// !$*UTF8*$!
{
	archiveVersion = 1;
	classes = {
	};
	objectVersion = 56;
	objects = {

/* Begin PBXBuildFile section */
		2F23D3E82B673B9300A0A14D /* WeatherAppApp.swift in Sources */ = {isa = PBXBuildFile; fileRef = 2F23D3E72B673B9300A0A14D /* WeatherAppApp.swift */; };
		2F23D3EA2B673B9300A0A14D /* ContentView.swift in Sources */ = {isa = PBXBuildFile; fileRef = 2F23D3E92B673B9300A0A14D /* ContentView.swift */; };
		2F23D3EC2B673B9500A0A14D /* Assets.xcassets in Resources */ = {isa = PBXBuildFile; fileRef = 2F23D3EB2B673B9500A0A14D /* Assets.xcassets */; };
		2F23D3EF2B673B9500A0A14D /* Preview Assets.xcassets in Resources */ = {isa = PBXBuildFile; fileRef = 2F23D3EE2B673B9500A0A14D /* Preview Assets.xcassets */; };
		2F23D3F92B673B9500A0A14D /* WeatherAppTests.swift in Sources */ = {isa = PBXBuildFile; fileRef = 2F23D3F82B673B9500A0A14D /* WeatherAppTests.swift */; };
		2F23D4032B673B9500A0A14D /* WeatherAppUITests.swift in Sources */ = {isa = PBXBuildFile; fileRef = 2F23D4022B673B9500A0A14D /* WeatherAppUITests.swift */; };
		2F23D4052B673B9500A0A14D /* WeatherAppUITestsLaunchTests.swift in Sources */ = {isa = PBXBuildFile; fileRef = 2F23D4042B673B9500A0A14D /* WeatherAppUITestsLaunchTests.swift */; };
		2F23D4122B673BC200A0A14D /* WeatherViewModel.swift in Sources */ = {isa = PBXBuildFile; fileRef = 2F23D4112B673BC200A0A14D /* WeatherViewModel.swift */; };
		2F23D4142B673BF500A0A14D /* Model.swift in Sources */ = {isa = PBXBuildFile; fileRef = 2F23D4132B673BF500A0A14D /* Model.swift */; };
		2F23D4162B673C0900A0A14D /* WeatherService.swift in Sources */ = {isa = PBXBuildFile; fileRef = 2F23D4152B673C0900A0A14D /* WeatherService.swift */; };
		2F23D4182B673C3F00A0A14D /* SearchView.swift in Sources */ = {isa = PBXBuildFile; fileRef = 2F23D4172B673C3F00A0A14D /* SearchView.swift */; };
		2F23D41A2B673C4C00A0A14D /* ListView.swift in Sources */ = {isa = PBXBuildFile; fileRef = 2F23D4192B673C4C00A0A14D /* ListView.swift */; };
		2F23D41C2B673C7200A0A14D /* DetailView.swift in Sources */ = {isa = PBXBuildFile; fileRef = 2F23D41B2B673C7200A0A14D /* DetailView.swift */; };
/* End PBXBuildFile section */

/* Begin PBXContainerItemProxy section */
		2F23D3F52B673B9500A0A14D /* PBXContainerItemProxy */ = {
			isa = PBXContainerItemProxy;
			containerPortal = 2F23D3DC2B673B9300A0A14D /* Project object */;
			proxyType = 1;
			remoteGlobalIDString = 2F23D3E32B673B9300A0A14D;
			remoteInfo = WeatherApp;
		};
		2F23D3FF2B673B9500A0A14D /* PBXContainerItemProxy */ = {
			isa = PBXContainerItemProxy;
			containerPortal = 2F23D3DC2B673B9300A0A14D /* Project object */;
			proxyType = 1;
			remoteGlobalIDString = 2F23D3E32B673B9300A0A14D;
			remoteInfo = WeatherApp;
		};
/* End PBXContainerItemProxy section */

/* Begin PBXFileReference section */
		2F23D3E42B673B9300A0A14D /* WeatherApp.app */ = {isa = PBXFileReference; explicitFileType = wrapper.application; includeInIndex = 0; path = WeatherApp.app; sourceTree = BUILT_PRODUCTS_DIR; };
		2F23D3E72B673B9300A0A14D /* WeatherAppApp.swift */ = {isa = PBXFileReference; lastKnownFileType = sourcecode.swift; path = WeatherAppApp.swift; sourceTree = "<group>"; };
		2F23D3E92B673B9300A0A14D /* ContentView.swift */ = {isa = PBXFileReference; lastKnownFileType = sourcecode.swift; path = ContentView.swift; sourceTree = "<group>"; };
		2F23D3EB2B673B9500A0A14D /* Assets.xcassets */ = {isa = PBXFileReference; lastKnownFileType = folder.assetcatalog; path = Assets.xcassets; sourceTree = "<group>"; };
		2F23D3EE2B673B9500A0A14D /* Preview Assets.xcassets */ = {isa = PBXFileReference; lastKnownFileType = folder.assetcatalog; path = "Preview Assets.xcassets"; sourceTree = "<group>"; };
		2F23D3F42B673B9500A0A14D /* WeatherAppTests.xctest */ = {isa = PBXFileReference; explicitFileType = wrapper.cfbundle; includeInIndex = 0; path = WeatherAppTests.xctest; sourceTree = BUILT_PRODUCTS_DIR; };
		2F23D3F82B673B9500A0A14D /* WeatherAppTests.swift */ = {isa = PBXFileReference; lastKnownFileType = sourcecode.swift; path = WeatherAppTests.swift; sourceTree = "<group>"; };
		2F23D3FE2B673B9500A0A14D /* WeatherAppUITests.xctest */ = {isa = PBXFileReference; explicitFileType = wrapper.cfbundle; includeInIndex = 0; path = WeatherAppUITests.xctest; sourceTree = BUILT_PRODUCTS_DIR; };
		2F23D4022B673B9500A0A14D /* WeatherAppUITests.swift */ = {isa = PBXFileReference; lastKnownFileType = sourcecode.swift; path = WeatherAppUITests.swift; sourceTree = "<group>"; };
		2F23D4042B673B9500A0A14D /* WeatherAppUITestsLaunchTests.swift */ = {isa = PBXFileReference; lastKnownFileType = sourcecode.swift; path = WeatherAppUITestsLaunchTests.swift; sourceTree = "<group>"; };
		2F23D4112B673BC200A0A14D /* WeatherViewModel.swift */ = {isa = PBXFileReference; lastKnownFileType = sourcecode.swift; path = WeatherViewModel.swift; sourceTree = "<group>"; };
		2F23D4132B673BF500A0A14D /* Model.swift */ = {isa = PBXFileReference; lastKnownFileType = sourcecode.swift; path = Model.swift; sourceTree = "<group>"; };
		2F23D4152B673C0900A0A14D /* WeatherService.swift */ = {isa = PBXFileReference; lastKnownFileType = sourcecode.swift; path = WeatherService.swift; sourceTree = "<group>"; };
		2F23D4172B673C3F00A0A14D /* SearchView.swift */ = {isa = PBXFileReference; lastKnownFileType = sourcecode.swift; path = SearchView.swift; sourceTree = "<group>"; };
		2F23D4192B673C4C00A0A14D /* ListView.swift */ = {isa = PBXFileReference; lastKnownFileType = sourcecode.swift; path = ListView.swift; sourceTree = "<group>"; };
		2F23D41B2B673C7200A0A14D /* DetailView.swift */ = {isa = PBXFileReference; lastKnownFileType = sourcecode.swift; path = DetailView.swift; sourceTree = "<group>"; };
/* End PBXFileReference section */

/* Begin PBXFrameworksBuildPhase section */
		2F23D3E12B673B9300A0A14D /* Frameworks */ = {
			isa = PBXFrameworksBuildPhase;
			buildActionMask = 2147483647;
			files = (
			);
			runOnlyForDeploymentPostprocessing = 0;
		};
		2F23D3F12B673B9500A0A14D /* Frameworks */ = {
			isa = PBXFrameworksBuildPhase;
			buildActionMask = 2147483647;
			files = (
			);
			runOnlyForDeploymentPostprocessing = 0;
		};
		2F23D3FB2B673B9500A0A14D /* Frameworks */ = {
			isa = PBXFrameworksBuildPhase;
			buildActionMask = 2147483647;
			files = (
			);
			runOnlyForDeploymentPostprocessing = 0;
		};
/* End PBXFrameworksBuildPhase section */

/* Begin PBXGroup section */
		2F23D3DB2B673B9300A0A14D = {
			isa = PBXGroup;
			children = (
				2F23D3E62B673B9300A0A14D /* WeatherApp */,
				2F23D3F72B673B9500A0A14D /* WeatherAppTests */,
				2F23D4012B673B9500A0A14D /* WeatherAppUITests */,
				2F23D3E52B673B9300A0A14D /* Products */,
			);
			sourceTree = "<group>";
		};
		2F23D3E52B673B9300A0A14D /* Products */ = {
			isa = PBXGroup;
			children = (
				2F23D3E42B673B9300A0A14D /* WeatherApp.app */,
				2F23D3F42B673B9500A0A14D /* WeatherAppTests.xctest */,
				2F23D3FE2B673B9500A0A14D /* WeatherAppUITests.xctest */,
			);
			name = Products;
			sourceTree = "<group>";
		};
		2F23D3E62B673B9300A0A14D /* WeatherApp */ = {
			isa = PBXGroup;
			children = (
				2F23D3E72B673B9300A0A14D /* WeatherAppApp.swift */,
				2F23D41F2B676A7B00A0A14D /* ViewModel */,
				2F23D41E2B676A7500A0A14D /* View */,
				2F23D41D2B676A7000A0A14D /* Model */,
				2F23D3EB2B673B9500A0A14D /* Assets.xcassets */,
				2F23D3ED2B673B9500A0A14D /* Preview Content */,
			);
			path = WeatherApp;
			sourceTree = "<group>";
		};
		2F23D3ED2B673B9500A0A14D /* Preview Content */ = {
			isa = PBXGroup;
			children = (
				2F23D3EE2B673B9500A0A14D /* Preview Assets.xcassets */,
			);
			path = "Preview Content";
			sourceTree = "<group>";
		};
		2F23D3F72B673B9500A0A14D /* WeatherAppTests */ = {
			isa = PBXGroup;
			children = (
				2F23D3F82B673B9500A0A14D /* WeatherAppTests.swift */,
			);
			path = WeatherAppTests;
			sourceTree = "<group>";
		};
		2F23D4012B673B9500A0A14D /* WeatherAppUITests */ = {
			isa = PBXGroup;
			children = (
				2F23D4022B673B9500A0A14D /* WeatherAppUITests.swift */,
				2F23D4042B673B9500A0A14D /* WeatherAppUITestsLaunchTests.swift */,
			);
			path = WeatherAppUITests;
			sourceTree = "<group>";
		};
		2F23D41D2B676A7000A0A14D /* Model */ = {
			isa = PBXGroup;
			children = (
				2F23D4132B673BF500A0A14D /* Model.swift */,
			);
			path = Model;
			sourceTree = "<group>";
		};
		2F23D41E2B676A7500A0A14D /* View */ = {
			isa = PBXGroup;
			children = (
				2F23D3E92B673B9300A0A14D /* ContentView.swift */,
				2F23D4172B673C3F00A0A14D /* SearchView.swift */,
				2F23D4192B673C4C00A0A14D /* ListView.swift */,
				2F23D41B2B673C7200A0A14D /* DetailView.swift */,
			);
			path = View;
			sourceTree = "<group>";
		};
		2F23D41F2B676A7B00A0A14D /* ViewModel */ = {
			isa = PBXGroup;
			children = (
				2F23D4112B673BC200A0A14D /* WeatherViewModel.swift */,
				2F23D4152B673C0900A0A14D /* WeatherService.swift */,
			);
			path = ViewModel;
			sourceTree = "<group>";
		};
/* End PBXGroup section */

/* Begin PBXNativeTarget section */
		2F23D3E32B673B9300A0A14D /* WeatherApp */ = {
			isa = PBXNativeTarget;
			buildConfigurationList = 2F23D4082B673B9500A0A14D /* Build configuration list for PBXNativeTarget "WeatherApp" */;
			buildPhases = (
				2F23D3E02B673B9300A0A14D /* Sources */,
				2F23D3E12B673B9300A0A14D /* Frameworks */,
				2F23D3E22B673B9300A0A14D /* Resources */,
			);
			buildRules = (
			);
			dependencies = (
			);
			name = WeatherApp;
			productName = WeatherApp;
			productReference = 2F23D3E42B673B9300A0A14D /* WeatherApp.app */;
			productType = "com.apple.product-type.application";
		};
		2F23D3F32B673B9500A0A14D /* WeatherAppTests */ = {
			isa = PBXNativeTarget;
			buildConfigurationList = 2F23D40B2B673B9500A0A14D /* Build configuration list for PBXNativeTarget "WeatherAppTests" */;
			buildPhases = (
				2F23D3F02B673B9500A0A14D /* Sources */,
				2F23D3F12B673B9500A0A14D /* Frameworks */,
				2F23D3F22B673B9500A0A14D /* Resources */,
			);
			buildRules = (
			);
			dependencies = (
				2F23D3F62B673B9500A0A14D /* PBXTargetDependency */,
			);
			name = WeatherAppTests;
			productName = WeatherAppTests;
			productReference = 2F23D3F42B673B9500A0A14D /* WeatherAppTests.xctest */;
			productType = "com.apple.product-type.bundle.unit-test";
		};
		2F23D3FD2B673B9500A0A14D /* WeatherAppUITests */ = {
			isa = PBXNativeTarget;
			buildConfigurationList = 2F23D40E2B673B9500A0A14D /* Build configuration list for PBXNativeTarget "WeatherAppUITests" */;
			buildPhases = (
				2F23D3FA2B673B9500A0A14D /* Sources */,
				2F23D3FB2B673B9500A0A14D /* Frameworks */,
				2F23D3FC2B673B9500A0A14D /* Resources */,
			);
			buildRules = (
			);
			dependencies = (
				2F23D4002B673B9500A0A14D /* PBXTargetDependency */,
			);
			name = WeatherAppUITests;
			productName = WeatherAppUITests;
			productReference = 2F23D3FE2B673B9500A0A14D /* WeatherAppUITests.xctest */;
			productType = "com.apple.product-type.bundle.ui-testing";
		};
/* End PBXNativeTarget section */

/* Begin PBXProject section */
		2F23D3DC2B673B9300A0A14D /* Project object */ = {
			isa = PBXProject;
			attributes = {
				BuildIndependentTargetsInParallel = 1;
				LastSwiftUpdateCheck = 1500;
				LastUpgradeCheck = 1500;
				TargetAttributes = {
					2F23D3E32B673B9300A0A14D = {
						CreatedOnToolsVersion = 15.0.1;
					};
					2F23D3F32B673B9500A0A14D = {
						CreatedOnToolsVersion = 15.0.1;
						TestTargetID = 2F23D3E32B673B9300A0A14D;
					};
					2F23D3FD2B673B9500A0A14D = {
						CreatedOnToolsVersion = 15.0.1;
						TestTargetID = 2F23D3E32B673B9300A0A14D;
					};
				};
			};
			buildConfigurationList = 2F23D3DF2B673B9300A0A14D /* Build configuration list for PBXProject "WeatherApp" */;
			compatibilityVersion = "Xcode 14.0";
			developmentRegion = en;
			hasScannedForEncodings = 0;
			knownRegions = (
				en,
				Base,
			);
			mainGroup = 2F23D3DB2B673B9300A0A14D;
			productRefGroup = 2F23D3E52B673B9300A0A14D /* Products */;
			projectDirPath = "";
			projectRoot = "";
			targets = (
				2F23D3E32B673B9300A0A14D /* WeatherApp */,
				2F23D3F32B673B9500A0A14D /* WeatherAppTests */,
				2F23D3FD2B673B9500A0A14D /* WeatherAppUITests */,
			);
		};
/* End PBXProject section */

/* Begin PBXResourcesBuildPhase section */
		2F23D3E22B673B9300A0A14D /* Resources */ = {
			isa = PBXResourcesBuildPhase;
			buildActionMask = 2147483647;
			files = (
				2F23D3EF2B673B9500A0A14D /* Preview Assets.xcassets in Resources */,
				2F23D3EC2B673B9500A0A14D /* Assets.xcassets in Resources */,
			);
			runOnlyForDeploymentPostprocessing = 0;
		};
		2F23D3F22B673B9500A0A14D /* Resources */ = {
			isa = PBXResourcesBuildPhase;
			buildActionMask = 2147483647;
			files = (
			);
			runOnlyForDeploymentPostprocessing = 0;
		};
		2F23D3FC2B673B9500A0A14D /* Resources */ = {
			isa = PBXResourcesBuildPhase;
			buildActionMask = 2147483647;
			files = (
			);
			runOnlyForDeploymentPostprocessing = 0;
		};
/* End PBXResourcesBuildPhase section */

/* Begin PBXSourcesBuildPhase section */
		2F23D3E02B673B9300A0A14D /* Sources */ = {
			isa = PBXSourcesBuildPhase;
			buildActionMask = 2147483647;
			files = (
				2F23D4162B673C0900A0A14D /* WeatherService.swift in Sources */,
				2F23D41C2B673C7200A0A14D /* DetailView.swift in Sources */,
				2F23D3EA2B673B9300A0A14D /* ContentView.swift in Sources */,
				2F23D4122B673BC200A0A14D /* WeatherViewModel.swift in Sources */,
				2F23D41A2B673C4C00A0A14D /* ListView.swift in Sources */,
				2F23D3E82B673B9300A0A14D /* WeatherAppApp.swift in Sources */,
				2F23D4182B673C3F00A0A14D /* SearchView.swift in Sources */,
				2F23D4142B673BF500A0A14D /* Model.swift in Sources */,
			);
			runOnlyForDeploymentPostprocessing = 0;
		};
		2F23D3F02B673B9500A0A14D /* Sources */ = {
			isa = PBXSourcesBuildPhase;
			buildActionMask = 2147483647;
			files = (
				2F23D3F92B673B9500A0A14D /* WeatherAppTests.swift in Sources */,
			);
			runOnlyForDeploymentPostprocessing = 0;
		};
		2F23D3FA2B673B9500A0A14D /* Sources */ = {
			isa = PBXSourcesBuildPhase;
			buildActionMask = 2147483647;
			files = (
				2F23D4032B673B9500A0A14D /* WeatherAppUITests.swift in Sources */,
				2F23D4052B673B9500A0A14D /* WeatherAppUITestsLaunchTests.swift in Sources */,
			);
			runOnlyForDeploymentPostprocessing = 0;
		};
/* End PBXSourcesBuildPhase section */

/* Begin PBXTargetDependency section */
		2F23D3F62B673B9500A0A14D /* PBXTargetDependency */ = {
			isa = PBXTargetDependency;
			target = 2F23D3E32B673B9300A0A14D /* WeatherApp */;
			targetProxy = 2F23D3F52B673B9500A0A14D /* PBXContainerItemProxy */;
		};
		2F23D4002B673B9500A0A14D /* PBXTargetDependency */ = {
			isa = PBXTargetDependency;
			target = 2F23D3E32B673B9300A0A14D /* WeatherApp */;
			targetProxy = 2F23D3FF2B673B9500A0A14D /* PBXContainerItemProxy */;
		};
/* End PBXTargetDependency section */

/* Begin XCBuildConfiguration section */
		2F23D4062B673B9500A0A14D /* Debug */ = {
			isa = XCBuildConfiguration;
			buildSettings = {
				ALWAYS_SEARCH_USER_PATHS = NO;
				ASSETCATALOG_COMPILER_GENERATE_SWIFT_ASSET_SYMBOL_EXTENSIONS = YES;
				CLANG_ANALYZER_NONNULL = YES;
				CLANG_ANALYZER_NUMBER_OBJECT_CONVERSION = YES_AGGRESSIVE;
				CLANG_CXX_LANGUAGE_STANDARD = "gnu++20";
				CLANG_ENABLE_MODULES = YES;
				CLANG_ENABLE_OBJC_ARC = YES;
				CLANG_ENABLE_OBJC_WEAK = YES;
				CLANG_WARN_BLOCK_CAPTURE_AUTORELEASING = YES;
				CLANG_WARN_BOOL_CONVERSION = YES;
				CLANG_WARN_COMMA = YES;
				CLANG_WARN_CONSTANT_CONVERSION = YES;
				CLANG_WARN_DEPRECATED_OBJC_IMPLEMENTATIONS = YES;
				CLANG_WARN_DIRECT_OBJC_ISA_USAGE = YES_ERROR;
				CLANG_WARN_DOCUMENTATION_COMMENTS = YES;
				CLANG_WARN_EMPTY_BODY = YES;
				CLANG_WARN_ENUM_CONVERSION = YES;
				CLANG_WARN_INFINITE_RECURSION = YES;
				CLANG_WARN_INT_CONVERSION = YES;
				CLANG_WARN_NON_LITERAL_NULL_CONVERSION = YES;
				CLANG_WARN_OBJC_IMPLICIT_RETAIN_SELF = YES;
				CLANG_WARN_OBJC_LITERAL_CONVERSION = YES;
				CLANG_WARN_OBJC_ROOT_CLASS = YES_ERROR;
				CLANG_WARN_QUOTED_INCLUDE_IN_FRAMEWORK_HEADER = YES;
				CLANG_WARN_RANGE_LOOP_ANALYSIS = YES;
				CLANG_WARN_STRICT_PROTOTYPES = YES;
				CLANG_WARN_SUSPICIOUS_MOVE = YES;
				CLANG_WARN_UNGUARDED_AVAILABILITY = YES_AGGRESSIVE;
				CLANG_WARN_UNREACHABLE_CODE = YES;
				CLANG_WARN__DUPLICATE_METHOD_MATCH = YES;
				COPY_PHASE_STRIP = NO;
				DEBUG_INFORMATION_FORMAT = dwarf;
				ENABLE_STRICT_OBJC_MSGSEND = YES;
				ENABLE_TESTABILITY = YES;
				ENABLE_USER_SCRIPT_SANDBOXING = YES;
				GCC_C_LANGUAGE_STANDARD = gnu17;
				GCC_DYNAMIC_NO_PIC = NO;
				GCC_NO_COMMON_BLOCKS = YES;
				GCC_OPTIMIZATION_LEVEL = 0;
				GCC_PREPROCESSOR_DEFINITIONS = (
					"DEBUG=1",
					"$(inherited)",
				);
				GCC_WARN_64_TO_32_BIT_CONVERSION = YES;
				GCC_WARN_ABOUT_RETURN_TYPE = YES_ERROR;
				GCC_WARN_UNDECLARED_SELECTOR = YES;
				GCC_WARN_UNINITIALIZED_AUTOS = YES_AGGRESSIVE;
				GCC_WARN_UNUSED_FUNCTION = YES;
				GCC_WARN_UNUSED_VARIABLE = YES;
				IPHONEOS_DEPLOYMENT_TARGET = 17.0;
				LOCALIZATION_PREFERS_STRING_CATALOGS = YES;
				MTL_ENABLE_DEBUG_INFO = INCLUDE_SOURCE;
				MTL_FAST_MATH = YES;
				ONLY_ACTIVE_ARCH = YES;
				SDKROOT = iphoneos;
				SWIFT_ACTIVE_COMPILATION_CONDITIONS = "DEBUG $(inherited)";
				SWIFT_OPTIMIZATION_LEVEL = "-Onone";
			};
			name = Debug;
		};
		2F23D4072B673B9500A0A14D /* Release */ = {
			isa = XCBuildConfiguration;
			buildSettings = {
				ALWAYS_SEARCH_USER_PATHS = NO;
				ASSETCATALOG_COMPILER_GENERATE_SWIFT_ASSET_SYMBOL_EXTENSIONS = YES;
				CLANG_ANALYZER_NONNULL = YES;
				CLANG_ANALYZER_NUMBER_OBJECT_CONVERSION = YES_AGGRESSIVE;
				CLANG_CXX_LANGUAGE_STANDARD = "gnu++20";
				CLANG_ENABLE_MODULES = YES;
				CLANG_ENABLE_OBJC_ARC = YES;
				CLANG_ENABLE_OBJC_WEAK = YES;
				CLANG_WARN_BLOCK_CAPTURE_AUTORELEASING = YES;
				CLANG_WARN_BOOL_CONVERSION = YES;
				CLANG_WARN_COMMA = YES;
				CLANG_WARN_CONSTANT_CONVERSION = YES;
				CLANG_WARN_DEPRECATED_OBJC_IMPLEMENTATIONS = YES;
				CLANG_WARN_DIRECT_OBJC_ISA_USAGE = YES_ERROR;
				CLANG_WARN_DOCUMENTATION_COMMENTS = YES;
				CLANG_WARN_EMPTY_BODY = YES;
				CLANG_WARN_ENUM_CONVERSION = YES;
				CLANG_WARN_INFINITE_RECURSION = YES;
				CLANG_WARN_INT_CONVERSION = YES;
				CLANG_WARN_NON_LITERAL_NULL_CONVERSION = YES;
				CLANG_WARN_OBJC_IMPLICIT_RETAIN_SELF = YES;
				CLANG_WARN_OBJC_LITERAL_CONVERSION = YES;
				CLANG_WARN_OBJC_ROOT_CLASS = YES_ERROR;
				CLANG_WARN_QUOTED_INCLUDE_IN_FRAMEWORK_HEADER = YES;
				CLANG_WARN_RANGE_LOOP_ANALYSIS = YES;
				CLANG_WARN_STRICT_PROTOTYPES = YES;
				CLANG_WARN_SUSPICIOUS_MOVE = YES;
				CLANG_WARN_UNGUARDED_AVAILABILITY = YES_AGGRESSIVE;
				CLANG_WARN_UNREACHABLE_CODE = YES;
				CLANG_WARN__DUPLICATE_METHOD_MATCH = YES;
				COPY_PHASE_STRIP = NO;
				DEBUG_INFORMATION_FORMAT = "dwarf-with-dsym";
				ENABLE_NS_ASSERTIONS = NO;
				ENABLE_STRICT_OBJC_MSGSEND = YES;
				ENABLE_USER_SCRIPT_SANDBOXING = YES;
				GCC_C_LANGUAGE_STANDARD = gnu17;
				GCC_NO_COMMON_BLOCKS = YES;
				GCC_WARN_64_TO_32_BIT_CONVERSION = YES;
				GCC_WARN_ABOUT_RETURN_TYPE = YES_ERROR;
				GCC_WARN_UNDECLARED_SELECTOR = YES;
				GCC_WARN_UNINITIALIZED_AUTOS = YES_AGGRESSIVE;
				GCC_WARN_UNUSED_FUNCTION = YES;
				GCC_WARN_UNUSED_VARIABLE = YES;
				IPHONEOS_DEPLOYMENT_TARGET = 17.0;
				LOCALIZATION_PREFERS_STRING_CATALOGS = YES;
				MTL_ENABLE_DEBUG_INFO = NO;
				MTL_FAST_MATH = YES;
				SDKROOT = iphoneos;
				SWIFT_COMPILATION_MODE = wholemodule;
				VALIDATE_PRODUCT = YES;
			};
			name = Release;
		};
		2F23D4092B673B9500A0A14D /* Debug */ = {
			isa = XCBuildConfiguration;
			buildSettings = {
				ASSETCATALOG_COMPILER_APPICON_NAME = AppIcon;
				ASSETCATALOG_COMPILER_GLOBAL_ACCENT_COLOR_NAME = AccentColor;
				CODE_SIGN_STYLE = Automatic;
				CURRENT_PROJECT_VERSION = 1;
				DEVELOPMENT_ASSET_PATHS = "\"WeatherApp/Preview Content\"";
				DEVELOPMENT_TEAM = 8LX2UKX6SY;
				ENABLE_PREVIEWS = YES;
				GENERATE_INFOPLIST_FILE = YES;
				INFOPLIST_KEY_UIApplicationSceneManifest_Generation = YES;
				INFOPLIST_KEY_UIApplicationSupportsIndirectInputEvents = YES;
				INFOPLIST_KEY_UILaunchScreen_Generation = YES;
				INFOPLIST_KEY_UISupportedInterfaceOrientations_iPad = "UIInterfaceOrientationPortrait UIInterfaceOrientationPortraitUpsideDown UIInterfaceOrientationLandscapeLeft UIInterfaceOrientationLandscapeRight";
				INFOPLIST_KEY_UISupportedInterfaceOrientations_iPhone = "UIInterfaceOrientationPortrait UIInterfaceOrientationLandscapeLeft UIInterfaceOrientationLandscapeRight";
				LD_RUNPATH_SEARCH_PATHS = (
					"$(inherited)",
					"@executable_path/Frameworks",
				);
				MARKETING_VERSION = 1.0;
				PRODUCT_BUNDLE_IDENTIFIER = varajani.WeatherApp;
				PRODUCT_NAME = "$(TARGET_NAME)";
				SWIFT_EMIT_LOC_STRINGS = YES;
				SWIFT_VERSION = 5.0;
				TARGETED_DEVICE_FAMILY = "1,2";
			};
			name = Debug;
		};
		2F23D40A2B673B9500A0A14D /* Release */ = {
			isa = XCBuildConfiguration;
			buildSettings = {
				ASSETCATALOG_COMPILER_APPICON_NAME = AppIcon;
				ASSETCATALOG_COMPILER_GLOBAL_ACCENT_COLOR_NAME = AccentColor;
				CODE_SIGN_STYLE = Automatic;
				CURRENT_PROJECT_VERSION = 1;
				DEVELOPMENT_ASSET_PATHS = "\"WeatherApp/Preview Content\"";
				DEVELOPMENT_TEAM = 8LX2UKX6SY;
				ENABLE_PREVIEWS = YES;
				GENERATE_INFOPLIST_FILE = YES;
				INFOPLIST_KEY_UIApplicationSceneManifest_Generation = YES;
				INFOPLIST_KEY_UIApplicationSupportsIndirectInputEvents = YES;
				INFOPLIST_KEY_UILaunchScreen_Generation = YES;
				INFOPLIST_KEY_UISupportedInterfaceOrientations_iPad = "UIInterfaceOrientationPortrait UIInterfaceOrientationPortraitUpsideDown UIInterfaceOrientationLandscapeLeft UIInterfaceOrientationLandscapeRight";
				INFOPLIST_KEY_UISupportedInterfaceOrientations_iPhone = "UIInterfaceOrientationPortrait UIInterfaceOrientationLandscapeLeft UIInterfaceOrientationLandscapeRight";
				LD_RUNPATH_SEARCH_PATHS = (
					"$(inherited)",
					"@executable_path/Frameworks",
				);
				MARKETING_VERSION = 1.0;
				PRODUCT_BUNDLE_IDENTIFIER = varajani.WeatherApp;
				PRODUCT_NAME = "$(TARGET_NAME)";
				SWIFT_EMIT_LOC_STRINGS = YES;
				SWIFT_VERSION = 5.0;
				TARGETED_DEVICE_FAMILY = "1,2";
			};
			name = Release;
		};
		2F23D40C2B673B9500A0A14D /* Debug */ = {
			isa = XCBuildConfiguration;
			buildSettings = {
				ALWAYS_EMBED_SWIFT_STANDARD_LIBRARIES = YES;
				BUNDLE_LOADER = "$(TEST_HOST)";
				CODE_SIGN_STYLE = Automatic;
				CURRENT_PROJECT_VERSION = 1;
				DEVELOPMENT_TEAM = 8LX2UKX6SY;
				GENERATE_INFOPLIST_FILE = YES;
				IPHONEOS_DEPLOYMENT_TARGET = 17.0;
				MARKETING_VERSION = 1.0;
				PRODUCT_BUNDLE_IDENTIFIER = varajani.WeatherAppTests;
				PRODUCT_NAME = "$(TARGET_NAME)";
				SWIFT_EMIT_LOC_STRINGS = NO;
				SWIFT_VERSION = 5.0;
				TARGETED_DEVICE_FAMILY = "1,2";
				TEST_HOST = "$(BUILT_PRODUCTS_DIR)/WeatherApp.app/$(BUNDLE_EXECUTABLE_FOLDER_PATH)/WeatherApp";
			};
			name = Debug;
		};
		2F23D40D2B673B9500A0A14D /* Release */ = {
			isa = XCBuildConfiguration;
			buildSettings = {
				ALWAYS_EMBED_SWIFT_STANDARD_LIBRARIES = YES;
				BUNDLE_LOADER = "$(TEST_HOST)";
				CODE_SIGN_STYLE = Automatic;
				CURRENT_PROJECT_VERSION = 1;
				DEVELOPMENT_TEAM = 8LX2UKX6SY;
				GENERATE_INFOPLIST_FILE = YES;
				IPHONEOS_DEPLOYMENT_TARGET = 17.0;
				MARKETING_VERSION = 1.0;
				PRODUCT_BUNDLE_IDENTIFIER = varajani.WeatherAppTests;
				PRODUCT_NAME = "$(TARGET_NAME)";
				SWIFT_EMIT_LOC_STRINGS = NO;
				SWIFT_VERSION = 5.0;
				TARGETED_DEVICE_FAMILY = "1,2";
				TEST_HOST = "$(BUILT_PRODUCTS_DIR)/WeatherApp.app/$(BUNDLE_EXECUTABLE_FOLDER_PATH)/WeatherApp";
			};
			name = Release;
		};
		2F23D40F2B673B9500A0A14D /* Debug */ = {
			isa = XCBuildConfiguration;
			buildSettings = {
				ALWAYS_EMBED_SWIFT_STANDARD_LIBRARIES = YES;
				CODE_SIGN_STYLE = Automatic;
				CURRENT_PROJECT_VERSION = 1;
				DEVELOPMENT_TEAM = 8LX2UKX6SY;
				GENERATE_INFOPLIST_FILE = YES;
				MARKETING_VERSION = 1.0;
				PRODUCT_BUNDLE_IDENTIFIER = varajani.WeatherAppUITests;
				PRODUCT_NAME = "$(TARGET_NAME)";
				SWIFT_EMIT_LOC_STRINGS = NO;
				SWIFT_VERSION = 5.0;
				TARGETED_DEVICE_FAMILY = "1,2";
				TEST_TARGET_NAME = WeatherApp;
			};
			name = Debug;
		};
		2F23D4102B673B9500A0A14D /* Release */ = {
			isa = XCBuildConfiguration;
			buildSettings = {
				ALWAYS_EMBED_SWIFT_STANDARD_LIBRARIES = YES;
				CODE_SIGN_STYLE = Automatic;
				CURRENT_PROJECT_VERSION = 1;
				DEVELOPMENT_TEAM = 8LX2UKX6SY;
				GENERATE_INFOPLIST_FILE = YES;
				MARKETING_VERSION = 1.0;
				PRODUCT_BUNDLE_IDENTIFIER = varajani.WeatherAppUITests;
				PRODUCT_NAME = "$(TARGET_NAME)";
				SWIFT_EMIT_LOC_STRINGS = NO;
				SWIFT_VERSION = 5.0;
				TARGETED_DEVICE_FAMILY = "1,2";
				TEST_TARGET_NAME = WeatherApp;
			};
			name = Release;
		};
/* End XCBuildConfiguration section */

/* Begin XCConfigurationList section */
		2F23D3DF2B673B9300A0A14D /* Build configuration list for PBXProject "WeatherApp" */ = {
			isa = XCConfigurationList;
			buildConfigurations = (
				2F23D4062B673B9500A0A14D /* Debug */,
				2F23D4072B673B9500A0A14D /* Release */,
			);
			defaultConfigurationIsVisible = 0;
			defaultConfigurationName = Release;
		};
		2F23D4082B673B9500A0A14D /* Build configuration list for PBXNativeTarget "WeatherApp" */ = {
			isa = XCConfigurationList;
			buildConfigurations = (
				2F23D4092B673B9500A0A14D /* Debug */,
				2F23D40A2B673B9500A0A14D /* Release */,
			);
			defaultConfigurationIsVisible = 0;
			defaultConfigurationName = Release;
		};
		2F23D40B2B673B9500A0A14D /* Build configuration list for PBXNativeTarget "WeatherAppTests" */ = {
			isa = XCConfigurationList;
			buildConfigurations = (
				2F23D40C2B673B9500A0A14D /* Debug */,
				2F23D40D2B673B9500A0A14D /* Release */,
			);
			defaultConfigurationIsVisible = 0;
			defaultConfigurationName = Release;
		};
		2F23D40E2B673B9500A0A14D /* Build configuration list for PBXNativeTarget "WeatherAppUITests" */ = {
			isa = XCConfigurationList;
			buildConfigurations = (
				2F23D40F2B673B9500A0A14D /* Debug */,
				2F23D4102B673B9500A0A14D /* Release */,
			);
			defaultConfigurationIsVisible = 0;
			defaultConfigurationName = Release;
		};
/* End XCConfigurationList section */
	};
	rootObject = 2F23D3DC2B673B9300A0A14D /* Project object */;
}
